
Microsoft Visual Studio Solution File, Format Version 12.00
# Visual Studio Version 16
VisualStudioVersion = 16.0.30717.126
MinimumVisualStudioVersion = 10.0.40219.1
Project("{9A19103F-16F7-4668-BE54-9A1E7A4F7556}") = "Day4", "Day4\Day4.csproj", "{747C294C-C45E-433E-B7A7-C23992C3AB58}"
EndProject
Project("{9A19103F-16F7-4668-BE54-9A1E7A4F7556}") = "Day3", "Day3\Day3.csproj", "{ABA64C9D-8F42-4298-99FD-DEAA71B372FF}"
EndProject
Project("{9A19103F-16F7-4668-BE54-9A1E7A4F7556}") = "Day5", "Day5\Day5.csproj", "{ACA2A95E-6FA4-47BD-BA8D-0D11A2858D5C}"
EndProject
Project("{9A19103F-16F7-4668-BE54-9A1E7A4F7556}") = "Day1", "Day1\Day1.csproj", "{76A19AC9-3900-44BD-A298-F6A75B0180C2}"
EndProject
Project("{9A19103F-16F7-4668-BE54-9A1E7A4F7556}") = "Day2", "Day2\Day2.csproj", "{95F2B074-4776-40ED-9101-E65588E20071}"
EndProject
Project("{9A19103F-16F7-4668-BE54-9A1E7A4F7556}") = "Day6", "Day6\Day6.csproj", "{D020C55B-176E-44CB-8610-21515B9E8763}"
EndProject
Project("{9A19103F-16F7-4668-BE54-9A1E7A4F7556}") = "Day7", "Day7\Day7.csproj", "{EFA45940-6D82-49C9-BAD4-28DC52D695C5}"
EndProject
Project("{9A19103F-16F7-4668-BE54-9A1E7A4F7556}") = "Day8", "Day8\Day8.csproj", "{6E206D63-8F68-41E9-8B8A-EF930CFC2F25}"
EndProject
Project("{FAE04EC0-301F-11D3-BF4B-00C04F79EFBC}") = "Day9", "Day9\Day9.csproj", "{3F9B7403-FDB3-44E1-B1C6-27428A10E314}"
EndProject
Global
	GlobalSection(SolutionConfigurationPlatforms) = preSolution
		Debug|Any CPU = Debug|Any CPU
		Release|Any CPU = Release|Any CPU
	EndGlobalSection
	GlobalSection(ProjectConfigurationPlatforms) = postSolution
		{747C294C-C45E-433E-B7A7-C23992C3AB58}.Debug|Any CPU.ActiveCfg = Debug|Any CPU
		{747C294C-C45E-433E-B7A7-C23992C3AB58}.Debug|Any CPU.Build.0 = Debug|Any CPU
		{747C294C-C45E-433E-B7A7-C23992C3AB58}.Release|Any CPU.ActiveCfg = Release|Any CPU
		{747C294C-C45E-433E-B7A7-C23992C3AB58}.Release|Any CPU.Build.0 = Release|Any CPU
		{ABA64C9D-8F42-4298-99FD-DEAA71B372FF}.Debug|Any CPU.ActiveCfg = Debug|Any CPU
		{ABA64C9D-8F42-4298-99FD-DEAA71B372FF}.Debug|Any CPU.Build.0 = Debug|Any CPU
		{ABA64C9D-8F42-4298-99FD-DEAA71B372FF}.Release|Any CPU.ActiveCfg = Release|Any CPU
		{ABA64C9D-8F42-4298-99FD-DEAA71B372FF}.Release|Any CPU.Build.0 = Release|Any CPU
		{ACA2A95E-6FA4-47BD-BA8D-0D11A2858D5C}.Debug|Any CPU.ActiveCfg = Debug|Any CPU
		{ACA2A95E-6FA4-47BD-BA8D-0D11A2858D5C}.Debug|Any CPU.Build.0 = Debug|Any CPU
		{ACA2A95E-6FA4-47BD-BA8D-0D11A2858D5C}.Release|Any CPU.ActiveCfg = Release|Any CPU
		{ACA2A95E-6FA4-47BD-BA8D-0D11A2858D5C}.Release|Any CPU.Build.0 = Release|Any CPU
		{76A19AC9-3900-44BD-A298-F6A75B0180C2}.Debug|Any CPU.ActiveCfg = Debug|Any CPU
		{76A19AC9-3900-44BD-A298-F6A75B0180C2}.Debug|Any CPU.Build.0 = Debug|Any CPU
		{76A19AC9-3900-44BD-A298-F6A75B0180C2}.Release|Any CPU.ActiveCfg = Release|Any CPU
		{76A19AC9-3900-44BD-A298-F6A75B0180C2}.Release|Any CPU.Build.0 = Release|Any CPU
		{95F2B074-4776-40ED-9101-E65588E20071}.Debug|Any CPU.ActiveCfg = Debug|Any CPU
		{95F2B074-4776-40ED-9101-E65588E20071}.Debug|Any CPU.Build.0 = Debug|Any CPU
		{95F2B074-4776-40ED-9101-E65588E20071}.Release|Any CPU.ActiveCfg = Release|Any CPU
		{95F2B074-4776-40ED-9101-E65588E20071}.Release|Any CPU.Build.0 = Release|Any CPU
		{D020C55B-176E-44CB-8610-21515B9E8763}.Debug|Any CPU.ActiveCfg = Debug|Any CPU
		{D020C55B-176E-44CB-8610-21515B9E8763}.Debug|Any CPU.Build.0 = Debug|Any CPU
		{D020C55B-176E-44CB-8610-21515B9E8763}.Release|Any CPU.ActiveCfg = Release|Any CPU
		{D020C55B-176E-44CB-8610-21515B9E8763}.Release|Any CPU.Build.0 = Release|Any CPU
		{EFA45940-6D82-49C9-BAD4-28DC52D695C5}.Debug|Any CPU.ActiveCfg = Debug|Any CPU
		{EFA45940-6D82-49C9-BAD4-28DC52D695C5}.Debug|Any CPU.Build.0 = Debug|Any CPU
		{EFA45940-6D82-49C9-BAD4-28DC52D695C5}.Release|Any CPU.ActiveCfg = Release|Any CPU
		{EFA45940-6D82-49C9-BAD4-28DC52D695C5}.Release|Any CPU.Build.0 = Release|Any CPU
		{6E206D63-8F68-41E9-8B8A-EF930CFC2F25}.Debug|Any CPU.ActiveCfg = Debug|Any CPU
		{6E206D63-8F68-41E9-8B8A-EF930CFC2F25}.Debug|Any CPU.Build.0 = Debug|Any CPU
		{6E206D63-8F68-41E9-8B8A-EF930CFC2F25}.Release|Any CPU.ActiveCfg = Release|Any CPU
		{6E206D63-8F68-41E9-8B8A-EF930CFC2F25}.Release|Any CPU.Build.0 = Release|Any CPU
		{3F9B7403-FDB3-44E1-B1C6-27428A10E314}.Debug|Any CPU.ActiveCfg = Debug|Any CPU
		{3F9B7403-FDB3-44E1-B1C6-27428A10E314}.Debug|Any CPU.Build.0 = Debug|Any CPU
		{3F9B7403-FDB3-44E1-B1C6-27428A10E314}.Release|Any CPU.ActiveCfg = Release|Any CPU
		{3F9B7403-FDB3-44E1-B1C6-27428A10E314}.Release|Any CPU.Build.0 = Release|Any CPU
	EndGlobalSection
	GlobalSection(SolutionProperties) = preSolution
		HideSolutionNode = FALSE
	EndGlobalSection
	GlobalSection(ExtensibilityGlobals) = postSolution
		SolutionGuid = {18D93F05-E87E-4C5F-8E7D-D867E3EBF02E}
	EndGlobalSection
EndGlobal
